
Microsoft Visual Studio Solution File, Format Version 12.00
# Visual Studio Version 16
VisualStudioVersion = 16.0.34601.136
MinimumVisualStudioVersion = 10.0.40219.1
Project("{FAE04EC0-301F-11D3-BF4B-00C04F79EFBC}") = "Check_Entitlement_by_AJS", "Check_Entitlement_by_AJS\Check_Entitlement_by_AJS.csproj", "{9FADCF35-901A-4C5E-99FE-605D2C81E940}"
EndProject
Global
	GlobalSection(SolutionConfigurationPlatforms) = preSolution
		Debug|Any CPU = Debug|Any CPU
		Release|Any CPU = Release|Any CPU
	EndGlobalSection
	GlobalSection(ProjectConfigurationPlatforms) = postSolution
		{9FADCF35-901A-4C5E-99FE-605D2C81E940}.Debug|Any CPU.ActiveCfg = Debug|Any CPU
		{9FADCF35-901A-4C5E-99FE-605D2C81E940}.Debug|Any CPU.Build.0 = Debug|Any CPU
		{9FADCF35-901A-4C5E-99FE-605D2C81E940}.Release|Any CPU.ActiveCfg = Release|Any CPU
		{9FADCF35-901A-4C5E-99FE-605D2C81E940}.Release|Any CPU.Build.0 = Release|Any CPU
	EndGlobalSection
	GlobalSection(SolutionProperties) = preSolution
		HideSolutionNode = FALSE
	EndGlobalSection
	GlobalSection(ExtensibilityGlobals) = postSolution
		SolutionGuid = {56E65648-88BA-4077-B6A9-CFE0FE35B127}
	EndGlobalSection
EndGlobal
